
Microsoft Visual Studio Solution File, Format Version 12.00
# Visual Studio Version 16
VisualStudioVersion = 16.0.30907.101
MinimumVisualStudioVersion = 10.0.40219.1
Project("{FAE04EC0-301F-11D3-BF4B-00C04F79EFBC}") = "WinContainer", "WinContainer.csproj", "{950FBE3B-395A-4C1D-8A2B-5F53F0CE900E}"
EndProject
Global
	GlobalSection(SolutionConfigurationPlatforms) = preSolution
		Debug|Any CPU = Debug|Any CPU
		Release|Any CPU = Release|Any CPU
	EndGlobalSection
	GlobalSection(ProjectConfigurationPlatforms) = postSolution
		{950FBE3B-395A-4C1D-8A2B-5F53F0CE900E}.Debug|Any CPU.ActiveCfg = Debug|Any CPU
		{950FBE3B-395A-4C1D-8A2B-5F53F0CE900E}.Debug|Any CPU.Build.0 = Debug|Any CPU
		{950FBE3B-395A-4C1D-8A2B-5F53F0CE900E}.Release|Any CPU.ActiveCfg = Release|Any CPU
		{950FBE3B-395A-4C1D-8A2B-5F53F0CE900E}.Release|Any CPU.Build.0 = Release|Any CPU
	EndGlobalSection
	GlobalSection(SolutionProperties) = preSolution
		HideSolutionNode = FALSE
	EndGlobalSection
	GlobalSection(ExtensibilityGlobals) = postSolution
		SolutionGuid = {4B7DB15B-2172-4334-9D5E-91A8B31B2A6B}
	EndGlobalSection
EndGlobal
