
Microsoft Visual Studio Solution File, Format Version 12.00
# Visual Studio Version 16
VisualStudioVersion = 16.0.31005.135
MinimumVisualStudioVersion = 10.0.40219.1
Project("{FAE04EC0-301F-11D3-BF4B-00C04F79EFBC}") = "FirstExercise", "FirstExercise.csproj", "{89FD2182-8AAE-422E-A764-265B025D597E}"
EndProject
Global
	GlobalSection(SolutionConfigurationPlatforms) = preSolution
		Debug|Any CPU = Debug|Any CPU
		Release|Any CPU = Release|Any CPU
	EndGlobalSection
	GlobalSection(ProjectConfigurationPlatforms) = postSolution
		{89FD2182-8AAE-422E-A764-265B025D597E}.Debug|Any CPU.ActiveCfg = Debug|Any CPU
		{89FD2182-8AAE-422E-A764-265B025D597E}.Debug|Any CPU.Build.0 = Debug|Any CPU
		{89FD2182-8AAE-422E-A764-265B025D597E}.Release|Any CPU.ActiveCfg = Release|Any CPU
		{89FD2182-8AAE-422E-A764-265B025D597E}.Release|Any CPU.Build.0 = Release|Any CPU
	EndGlobalSection
	GlobalSection(SolutionProperties) = preSolution
		HideSolutionNode = FALSE
	EndGlobalSection
	GlobalSection(ExtensibilityGlobals) = postSolution
		SolutionGuid = {22B107AE-F52F-4A83-B025-6CAAAECFBD19}
	EndGlobalSection
EndGlobal
