
Microsoft Visual Studio Solution File, Format Version 12.00
# Visual Studio Version 16
VisualStudioVersion = 16.0.31005.135
MinimumVisualStudioVersion = 10.0.40219.1
Project("{FAE04EC0-301F-11D3-BF4B-00C04F79EFBC}") = "ThirdExercise", "ThirdExercise.csproj", "{64FFDEEF-A857-43BB-A077-ECBF95B1C67D}"
EndProject
Global
	GlobalSection(SolutionConfigurationPlatforms) = preSolution
		Debug|Any CPU = Debug|Any CPU
		Release|Any CPU = Release|Any CPU
	EndGlobalSection
	GlobalSection(ProjectConfigurationPlatforms) = postSolution
		{64FFDEEF-A857-43BB-A077-ECBF95B1C67D}.Debug|Any CPU.ActiveCfg = Debug|Any CPU
		{64FFDEEF-A857-43BB-A077-ECBF95B1C67D}.Debug|Any CPU.Build.0 = Debug|Any CPU
		{64FFDEEF-A857-43BB-A077-ECBF95B1C67D}.Release|Any CPU.ActiveCfg = Release|Any CPU
		{64FFDEEF-A857-43BB-A077-ECBF95B1C67D}.Release|Any CPU.Build.0 = Release|Any CPU
	EndGlobalSection
	GlobalSection(SolutionProperties) = preSolution
		HideSolutionNode = FALSE
	EndGlobalSection
	GlobalSection(ExtensibilityGlobals) = postSolution
		SolutionGuid = {2ECB1EAE-490A-4249-AE53-DCB25C1BE61D}
	EndGlobalSection
EndGlobal
