
Microsoft Visual Studio Solution File, Format Version 12.00
# Visual Studio Version 16
VisualStudioVersion = 16.0.31005.135
MinimumVisualStudioVersion = 10.0.40219.1
Project("{FAE04EC0-301F-11D3-BF4B-00C04F79EFBC}") = "Task1", "Task1\Task1.csproj", "{ECB308FC-47D1-4439-98FB-03BE570A18F8}"
EndProject
Project("{FAE04EC0-301F-11D3-BF4B-00C04F79EFBC}") = "Task2", "Task2\Task2.csproj", "{459726D8-A786-4414-A2ED-09CCB95C53D3}"
EndProject
Global
	GlobalSection(SolutionConfigurationPlatforms) = preSolution
		Debug|Any CPU = Debug|Any CPU
		Release|Any CPU = Release|Any CPU
	EndGlobalSection
	GlobalSection(ProjectConfigurationPlatforms) = postSolution
		{ECB308FC-47D1-4439-98FB-03BE570A18F8}.Debug|Any CPU.ActiveCfg = Debug|Any CPU
		{ECB308FC-47D1-4439-98FB-03BE570A18F8}.Debug|Any CPU.Build.0 = Debug|Any CPU
		{ECB308FC-47D1-4439-98FB-03BE570A18F8}.Release|Any CPU.ActiveCfg = Release|Any CPU
		{ECB308FC-47D1-4439-98FB-03BE570A18F8}.Release|Any CPU.Build.0 = Release|Any CPU
		{459726D8-A786-4414-A2ED-09CCB95C53D3}.Debug|Any CPU.ActiveCfg = Debug|Any CPU
		{459726D8-A786-4414-A2ED-09CCB95C53D3}.Debug|Any CPU.Build.0 = Debug|Any CPU
		{459726D8-A786-4414-A2ED-09CCB95C53D3}.Release|Any CPU.ActiveCfg = Release|Any CPU
		{459726D8-A786-4414-A2ED-09CCB95C53D3}.Release|Any CPU.Build.0 = Release|Any CPU
	EndGlobalSection
	GlobalSection(SolutionProperties) = preSolution
		HideSolutionNode = FALSE
	EndGlobalSection
	GlobalSection(ExtensibilityGlobals) = postSolution
		SolutionGuid = {E465357D-4065-436C-A426-A9E1A89A841B}
	EndGlobalSection
EndGlobal
